// !$*UTF8*$!
{
	archiveVersion = 1;
	classes = {
	};
	objectVersion = 77;
	objects = {

/* Begin PBXBuildFile section */
		218A409C2F1EFAFC0025895A /* FirebaseAnalytics in Frameworks */ = {isa = PBXBuildFile; productRef = 218A409B2F1EFAFC0025895A /* FirebaseAnalytics */; };
		218A409E2F1EFAFC0025895A /* FirebaseCrashlytics in Frameworks */ = {isa = PBXBuildFile; productRef = 218A409D2F1EFAFC0025895A /* FirebaseCrashlytics */; };
		218A40A02F1EFAFC0025895A /* FirebasePerformance in Frameworks */ = {isa = PBXBuildFile; productRef = 218A409F2F1EFAFC0025895A /* FirebasePerformance */; };
		21B91CB42EBD72D8001CCA24 /* WidgetKit.framework in Frameworks */ = {isa = PBXBuildFile; fileRef = 21B91CB32EBD72D8001CCA24 /* WidgetKit.framework */; };
		21B91CB62EBD72D8001CCA24 /* SwiftUI.framework in Frameworks */ = {isa = PBXBuildFile; fileRef = 21B91CB52EBD72D8001CCA24 /* SwiftUI.framework */; };
		21B91CC72EBD72DA001CCA24 /* PleneaWidgetExtension.appex in Embed Foundation Extensions */ = {isa = PBXBuildFile; fileRef = 21B91CB22EBD72D8001CCA24 /* PleneaWidgetExtension.appex */; settings = {ATTRIBUTES = (RemoveHeadersOnCopy, ); }; };
		21D272C42E9F2CFF00B5A329 /* StoreKit.framework in Frameworks */ = {isa = PBXBuildFile; fileRef = 21D272C32E9F2CFF00B5A329 /* StoreKit.framework */; };
/* End PBXBuildFile section */

/* Begin PBXContainerItemProxy section */
		21B91CC52EBD72DA001CCA24 /* PBXContainerItemProxy */ = {
			isa = PBXContainerItemProxy;
			containerPortal = 21463BD02E98922300C17D17 /* Project object */;
			proxyType = 1;
			remoteGlobalIDString = 21B91CB12EBD72D7001CCA24;
			remoteInfo = PleneaWidgetExtension;
		};
/* End PBXContainerItemProxy section */

/* Begin PBXCopyFilesBuildPhase section */
		21B91CCC2EBD72DA001CCA24 /* Embed Foundation Extensions */ = {
			isa = PBXCopyFilesBuildPhase;
			buildActionMask = 2147483647;
			dstPath = "";
			dstSubfolderSpec = 13;
			files = (
				21B91CC72EBD72DA001CCA24 /* PleneaWidgetExtension.appex in Embed Foundation Extensions */,
			);
			name = "Embed Foundation Extensions";
			runOnlyForDeploymentPostprocessing = 0;
		};
/* End PBXCopyFilesBuildPhase section */

/* Begin PBXFileReference section */
		21463BD82E98922300C17D17 /* Planea.app */ = {isa = PBXFileReference; explicitFileType = wrapper.application; includeInIndex = 0; path = Planea.app; sourceTree = BUILT_PRODUCTS_DIR; };
		21B91CB22EBD72D8001CCA24 /* PleneaWidgetExtension.appex */ = {isa = PBXFileReference; explicitFileType = "wrapper.app-extension"; includeInIndex = 0; path = PleneaWidgetExtension.appex; sourceTree = BUILT_PRODUCTS_DIR; };
		21B91CB32EBD72D8001CCA24 /* WidgetKit.framework */ = {isa = PBXFileReference; lastKnownFileType = wrapper.framework; name = WidgetKit.framework; path = System/Library/Frameworks/WidgetKit.framework; sourceTree = SDKROOT; };
		21B91CB52EBD72D8001CCA24 /* SwiftUI.framework */ = {isa = PBXFileReference; lastKnownFileType = wrapper.framework; name = SwiftUI.framework; path = System/Library/Frameworks/SwiftUI.framework; sourceTree = SDKROOT; };
		21B91CCD2EBD73E6001CCA24 /* PleneaWidgetExtensionDebug.entitlements */ = {isa = PBXFileReference; lastKnownFileType = text.plist.entitlements; path = PleneaWidgetExtensionDebug.entitlements; sourceTree = "<group>"; };
		21D272C32E9F2CFF00B5A329 /* StoreKit.framework */ = {isa = PBXFileReference; lastKnownFileType = wrapper.framework; name = StoreKit.framework; path = System/Library/Frameworks/StoreKit.framework; sourceTree = SDKROOT; };
		21D272C72E9F2D9300B5A329 /* Planea.storekit */ = {isa = PBXFileReference; lastKnownFileType = text; name = Planea.storekit; path = Planea/Planea.storekit; sourceTree = "<group>"; };
/* End PBXFileReference section */

/* Begin PBXFileSystemSynchronizedBuildFileExceptionSet section */
		21463C4B2E98951B00C17D17 /* Exceptions for "Planea" folder in "Planea" target */ = {
			isa = PBXFileSystemSynchronizedBuildFileExceptionSet;
			membershipExceptions = (
				Info.plist,
			);
			target = 21463BD72E98922300C17D17 /* Planea */;
		};
		21B91CCB2EBD72DA001CCA24 /* Exceptions for "PleneaWidget" folder in "PleneaWidgetExtension" target */ = {
			isa = PBXFileSystemSynchronizedBuildFileExceptionSet;
			membershipExceptions = (
				Info.plist,
			);
			target = 21B91CB12EBD72D7001CCA24 /* PleneaWidgetExtension */;
		};
/* End PBXFileSystemSynchronizedBuildFileExceptionSet section */

/* Begin PBXFileSystemSynchronizedRootGroup section */
		21463BDA2E98922300C17D17 /* Planea */ = {
			isa = PBXFileSystemSynchronizedRootGroup;
			exceptions = (
				21463C4B2E98951B00C17D17 /* Exceptions for "Planea" folder in "Planea" target */,
			);
			path = Planea;
			sourceTree = "<group>";
		};
		21B91CB72EBD72D8001CCA24 /* PleneaWidget */ = {
			isa = PBXFileSystemSynchronizedRootGroup;
			exceptions = (
				21B91CCB2EBD72DA001CCA24 /* Exceptions for "PleneaWidget" folder in "PleneaWidgetExtension" target */,
			);
			path = PleneaWidget;
			sourceTree = "<group>";
		};
/* End PBXFileSystemSynchronizedRootGroup section */

/* Begin PBXFrameworksBuildPhase section */
		21463BD52E98922300C17D17 /* Frameworks */ = {
			isa = PBXFrameworksBuildPhase;
			buildActionMask = 2147483647;
			files = (
				218A409E2F1EFAFC0025895A /* FirebaseCrashlytics in Frameworks */,
				218A409C2F1EFAFC0025895A /* FirebaseAnalytics in Frameworks */,
				218A40A02F1EFAFC0025895A /* FirebasePerformance in Frameworks */,
				21D272C42E9F2CFF00B5A329 /* StoreKit.framework in Frameworks */,
			);
			runOnlyForDeploymentPostprocessing = 0;
		};
		21B91CAF2EBD72D7001CCA24 /* Frameworks */ = {
			isa = PBXFrameworksBuildPhase;
			buildActionMask = 2147483647;
			files = (
				21B91CB62EBD72D8001CCA24 /* SwiftUI.framework in Frameworks */,
				21B91CB42EBD72D8001CCA24 /* WidgetKit.framework in Frameworks */,
			);
			runOnlyForDeploymentPostprocessing = 0;
		};
/* End PBXFrameworksBuildPhase section */

/* Begin PBXGroup section */
		21463BCF2E98922300C17D17 = {
			isa = PBXGroup;
			children = (
				21B91CCD2EBD73E6001CCA24 /* PleneaWidgetExtensionDebug.entitlements */,
				21D272C72E9F2D9300B5A329 /* Planea.storekit */,
				21463BDA2E98922300C17D17 /* Planea */,
				21B91CB72EBD72D8001CCA24 /* PleneaWidget */,
				21D272C22E9F2CFE00B5A329 /* Frameworks */,
				21463BD92E98922300C17D17 /* Products */,
			);
			sourceTree = "<group>";
		};
		21463BD92E98922300C17D17 /* Products */ = {
			isa = PBXGroup;
			children = (
				21463BD82E98922300C17D17 /* Planea.app */,
				21B91CB22EBD72D8001CCA24 /* PleneaWidgetExtension.appex */,
			);
			name = Products;
			sourceTree = "<group>";
		};
		21D272C22E9F2CFE00B5A329 /* Frameworks */ = {
			isa = PBXGroup;
			children = (
				21D272C32E9F2CFF00B5A329 /* StoreKit.framework */,
				21B91CB32EBD72D8001CCA24 /* WidgetKit.framework */,
				21B91CB52EBD72D8001CCA24 /* SwiftUI.framework */,
			);
			name = Frameworks;
			sourceTree = "<group>";
		};
/* End PBXGroup section */

/* Begin PBXNativeTarget section */
		21463BD72E98922300C17D17 /* Planea */ = {
			isa = PBXNativeTarget;
			buildConfigurationList = 21463BE32E98922500C17D17 /* Build configuration list for PBXNativeTarget "Planea" */;
			buildPhases = (
				21463BD42E98922300C17D17 /* Sources */,
				21463BD52E98922300C17D17 /* Frameworks */,
				21463BD62E98922300C17D17 /* Resources */,
				21B91CCC2EBD72DA001CCA24 /* Embed Foundation Extensions */,
			);
			buildRules = (
			);
			dependencies = (
				21B91CC62EBD72DA001CCA24 /* PBXTargetDependency */,
			);
			fileSystemSynchronizedGroups = (
				21463BDA2E98922300C17D17 /* Planea */,
			);
			name = Planea;
			packageProductDependencies = (
				218A409B2F1EFAFC0025895A /* FirebaseAnalytics */,
				218A409D2F1EFAFC0025895A /* FirebaseCrashlytics */,
				218A409F2F1EFAFC0025895A /* FirebasePerformance */,
			);
			productName = Planea;
			productReference = 21463BD82E98922300C17D17 /* Planea.app */;
			productType = "com.apple.product-type.application";
		};
		21B91CB12EBD72D7001CCA24 /* PleneaWidgetExtension */ = {
			isa = PBXNativeTarget;
			buildConfigurationList = 21B91CC82EBD72DA001CCA24 /* Build configuration list for PBXNativeTarget "PleneaWidgetExtension" */;
			buildPhases = (
				21B91CAE2EBD72D7001CCA24 /* Sources */,
				21B91CAF2EBD72D7001CCA24 /* Frameworks */,
				21B91CB02EBD72D7001CCA24 /* Resources */,
			);
			buildRules = (
			);
			dependencies = (
			);
			fileSystemSynchronizedGroups = (
				21B91CB72EBD72D8001CCA24 /* PleneaWidget */,
			);
			name = PleneaWidgetExtension;
			packageProductDependencies = (
			);
			productName = PleneaWidgetExtension;
			productReference = 21B91CB22EBD72D8001CCA24 /* PleneaWidgetExtension.appex */;
			productType = "com.apple.product-type.app-extension";
		};
/* End PBXNativeTarget section */

/* Begin PBXProject section */
		21463BD02E98922300C17D17 /* Project object */ = {
			isa = PBXProject;
			attributes = {
				BuildIndependentTargetsInParallel = 1;
				LastSwiftUpdateCheck = 2600;
				LastUpgradeCheck = 2620;
				TargetAttributes = {
					21463BD72E98922300C17D17 = {
						CreatedOnToolsVersion = 16.4;
					};
					21B91CB12EBD72D7001CCA24 = {
						CreatedOnToolsVersion = 26.0.1;
					};
				};
			};
			buildConfigurationList = 21463BD32E98922300C17D17 /* Build configuration list for PBXProject "Planea" */;
			developmentRegion = en;
			hasScannedForEncodings = 0;
			knownRegions = (
				en,
				Base,
				fr,
			);
			mainGroup = 21463BCF2E98922300C17D17;
			minimizedProjectReferenceProxies = 1;
			packageReferences = (
				218A409A2F1EFAFC0025895A /* XCRemoteSwiftPackageReference "firebase-ios-sdk" */,
			);
			preferredProjectObjectVersion = 77;
			productRefGroup = 21463BD92E98922300C17D17 /* Products */;
			projectDirPath = "";
			projectRoot = "";
			targets = (
				21463BD72E98922300C17D17 /* Planea */,
				21B91CB12EBD72D7001CCA24 /* PleneaWidgetExtension */,
			);
		};
/* End PBXProject section */

/* Begin PBXResourcesBuildPhase section */
		21463BD62E98922300C17D17 /* Resources */ = {
			isa = PBXResourcesBuildPhase;
			buildActionMask = 2147483647;
			files = (
			);
			runOnlyForDeploymentPostprocessing = 0;
		};
		21B91CB02EBD72D7001CCA24 /* Resources */ = {
			isa = PBXResourcesBuildPhase;
			buildActionMask = 2147483647;
			files = (
			);
			runOnlyForDeploymentPostprocessing = 0;
		};
/* End PBXResourcesBuildPhase section */

/* Begin PBXSourcesBuildPhase section */
		21463BD42E98922300C17D17 /* Sources */ = {
			isa = PBXSourcesBuildPhase;
			buildActionMask = 2147483647;
			files = (
			);
			runOnlyForDeploymentPostprocessing = 0;
		};
		21B91CAE2EBD72D7001CCA24 /* Sources */ = {
			isa = PBXSourcesBuildPhase;
			buildActionMask = 2147483647;
			files = (
			);
			runOnlyForDeploymentPostprocessing = 0;
		};
/* End PBXSourcesBuildPhase section */

/* Begin PBXTargetDependency section */
		21B91CC62EBD72DA001CCA24 /* PBXTargetDependency */ = {
			isa = PBXTargetDependency;
			target = 21B91CB12EBD72D7001CCA24 /* PleneaWidgetExtension */;
			targetProxy = 21B91CC52EBD72DA001CCA24 /* PBXContainerItemProxy */;
		};
/* End PBXTargetDependency section */

/* Begin XCBuildConfiguration section */
		21463BE12E98922500C17D17 /* Debug */ = {
			isa = XCBuildConfiguration;
			buildSettings = {
				ALWAYS_SEARCH_USER_PATHS = NO;
				ASSETCATALOG_COMPILER_GENERATE_SWIFT_ASSET_SYMBOL_EXTENSIONS = YES;
				CLANG_ANALYZER_LOCALIZABILITY_NONLOCALIZED = YES;
				CLANG_ANALYZER_NONNULL = YES;
				CLANG_ANALYZER_NUMBER_OBJECT_CONVERSION = YES_AGGRESSIVE;
				CLANG_CXX_LANGUAGE_STANDARD = "gnu++20";
				CLANG_ENABLE_MODULES = YES;
				CLANG_ENABLE_OBJC_ARC = YES;
				CLANG_ENABLE_OBJC_WEAK = YES;
				CLANG_WARN_BLOCK_CAPTURE_AUTORELEASING = YES;
				CLANG_WARN_BOOL_CONVERSION = YES;
				CLANG_WARN_COMMA = YES;
				CLANG_WARN_CONSTANT_CONVERSION = YES;
				CLANG_WARN_DEPRECATED_OBJC_IMPLEMENTATIONS = YES;
				CLANG_WARN_DIRECT_OBJC_ISA_USAGE = YES_ERROR;
				CLANG_WARN_DOCUMENTATION_COMMENTS = YES;
				CLANG_WARN_EMPTY_BODY = YES;
				CLANG_WARN_ENUM_CONVERSION = YES;
				CLANG_WARN_INFINITE_RECURSION = YES;
				CLANG_WARN_INT_CONVERSION = YES;
				CLANG_WARN_NON_LITERAL_NULL_CONVERSION = YES;
				CLANG_WARN_OBJC_IMPLICIT_RETAIN_SELF = YES;
				CLANG_WARN_OBJC_LITERAL_CONVERSION = YES;
				CLANG_WARN_OBJC_ROOT_CLASS = YES_ERROR;
				CLANG_WARN_QUOTED_INCLUDE_IN_FRAMEWORK_HEADER = YES;
				CLANG_WARN_RANGE_LOOP_ANALYSIS = YES;
				CLANG_WARN_STRICT_PROTOTYPES = YES;
				CLANG_WARN_SUSPICIOUS_MOVE = YES;
				CLANG_WARN_UNGUARDED_AVAILABILITY = YES_AGGRESSIVE;
				CLANG_WARN_UNREACHABLE_CODE = YES;
				CLANG_WARN__DUPLICATE_METHOD_MATCH = YES;
				COPY_PHASE_STRIP = NO;
				DEBUG_INFORMATION_FORMAT = dwarf;
				DEVELOPMENT_TEAM = 85W96D67B9;
				ENABLE_STRICT_OBJC_MSGSEND = YES;
				ENABLE_TESTABILITY = YES;
				ENABLE_USER_SCRIPT_SANDBOXING = YES;
				GCC_C_LANGUAGE_STANDARD = gnu17;
				GCC_DYNAMIC_NO_PIC = NO;
				GCC_NO_COMMON_BLOCKS = YES;
				GCC_OPTIMIZATION_LEVEL = 0;
				GCC_PREPROCESSOR_DEFINITIONS = (
					"DEBUG=1",
					"$(inherited)",
				);
				GCC_WARN_64_TO_32_BIT_CONVERSION = YES;
				GCC_WARN_ABOUT_RETURN_TYPE = YES_ERROR;
				GCC_WARN_UNDECLARED_SELECTOR = YES;
				GCC_WARN_UNINITIALIZED_AUTOS = YES_AGGRESSIVE;
				GCC_WARN_UNUSED_FUNCTION = YES;
				GCC_WARN_UNUSED_VARIABLE = YES;
				IPHONEOS_DEPLOYMENT_TARGET = 18.5;
				LOCALIZATION_PREFERS_STRING_CATALOGS = YES;
				MTL_ENABLE_DEBUG_INFO = INCLUDE_SOURCE;
				MTL_FAST_MATH = YES;
				ONLY_ACTIVE_ARCH = YES;
				SDKROOT = iphoneos;
				STRING_CATALOG_GENERATE_SYMBOLS = YES;
				SWIFT_ACTIVE_COMPILATION_CONDITIONS = "DEBUG $(inherited)";
				SWIFT_OPTIMIZATION_LEVEL = "-Onone";
			};
			name = Debug;
		};
		21463BE22E98922500C17D17 /* Release */ = {
			isa = XCBuildConfiguration;
			buildSettings = {
				ALWAYS_SEARCH_USER_PATHS = NO;
				ASSETCATALOG_COMPILER_GENERATE_SWIFT_ASSET_SYMBOL_EXTENSIONS = YES;
				CLANG_ANALYZER_LOCALIZABILITY_NONLOCALIZED = YES;
				CLANG_ANALYZER_NONNULL = YES;
				CLANG_ANALYZER_NUMBER_OBJECT_CONVERSION = YES_AGGRESSIVE;
				CLANG_CXX_LANGUAGE_STANDARD = "gnu++20";
				CLANG_ENABLE_MODULES = YES;
				CLANG_ENABLE_OBJC_ARC = YES;
				CLANG_ENABLE_OBJC_WEAK = YES;
				CLANG_WARN_BLOCK_CAPTURE_AUTORELEASING = YES;
				CLANG_WARN_BOOL_CONVERSION = YES;
				CLANG_WARN_COMMA = YES;
				CLANG_WARN_CONSTANT_CONVERSION = YES;
				CLANG_WARN_DEPRECATED_OBJC_IMPLEMENTATIONS = YES;
				CLANG_WARN_DIRECT_OBJC_ISA_USAGE = YES_ERROR;
				CLANG_WARN_DOCUMENTATION_COMMENTS = YES;
				CLANG_WARN_EMPTY_BODY = YES;
				CLANG_WARN_ENUM_CONVERSION = YES;
				CLANG_WARN_INFINITE_RECURSION = YES;
				CLANG_WARN_INT_CONVERSION = YES;
				CLANG_WARN_NON_LITERAL_NULL_CONVERSION = YES;
				CLANG_WARN_OBJC_IMPLICIT_RETAIN_SELF = YES;
				CLANG_WARN_OBJC_LITERAL_CONVERSION = YES;
				CLANG_WARN_OBJC_ROOT_CLASS = YES_ERROR;
				CLANG_WARN_QUOTED_INCLUDE_IN_FRAMEWORK_HEADER = YES;
				CLANG_WARN_RANGE_LOOP_ANALYSIS = YES;
				CLANG_WARN_STRICT_PROTOTYPES = YES;
				CLANG_WARN_SUSPICIOUS_MOVE = YES;
				CLANG_WARN_UNGUARDED_AVAILABILITY = YES_AGGRESSIVE;
				CLANG_WARN_UNREACHABLE_CODE = YES;
				CLANG_WARN__DUPLICATE_METHOD_MATCH = YES;
				COPY_PHASE_STRIP = NO;
				DEBUG_INFORMATION_FORMAT = "dwarf-with-dsym";
				DEVELOPMENT_TEAM = 85W96D67B9;
				ENABLE_NS_ASSERTIONS = NO;
				ENABLE_STRICT_OBJC_MSGSEND = YES;
				ENABLE_USER_SCRIPT_SANDBOXING = YES;
				GCC_C_LANGUAGE_STANDARD = gnu17;
				GCC_NO_COMMON_BLOCKS = YES;
				GCC_WARN_64_TO_32_BIT_CONVERSION = YES;
				GCC_WARN_ABOUT_RETURN_TYPE = YES_ERROR;
				GCC_WARN_UNDECLARED_SELECTOR = YES;
				GCC_WARN_UNINITIALIZED_AUTOS = YES_AGGRESSIVE;
				GCC_WARN_UNUSED_FUNCTION = YES;
				GCC_WARN_UNUSED_VARIABLE = YES;
				IPHONEOS_DEPLOYMENT_TARGET = 18.5;
				LOCALIZATION_PREFERS_STRING_CATALOGS = YES;
				MTL_ENABLE_DEBUG_INFO = NO;
				MTL_FAST_MATH = YES;
				SDKROOT = iphoneos;
				STRING_CATALOG_GENERATE_SYMBOLS = YES;
				SWIFT_COMPILATION_MODE = wholemodule;
				VALIDATE_PRODUCT = YES;
			};
			name = Release;
		};
		21463BE42E98922500C17D17 /* Debug */ = {
			isa = XCBuildConfiguration;
			buildSettings = {
				ASSETCATALOG_COMPILER_APPICON_NAME = AppIcon;
				ASSETCATALOG_COMPILER_GLOBAL_ACCENT_COLOR_NAME = AccentColor;
				CODE_SIGN_ENTITLEMENTS = Planea/PlaneaDebug.entitlements;
				CODE_SIGN_IDENTITY = "Apple Development";
				CODE_SIGN_STYLE = Automatic;
				CURRENT_PROJECT_VERSION = 1;
				DEVELOPMENT_TEAM = 85W96D67B9;
				ENABLE_PREVIEWS = YES;
				GENERATE_INFOPLIST_FILE = YES;
				INFOPLIST_FILE = Planea/Info.plist;
				INFOPLIST_KEY_UIApplicationSceneManifest_Generation = YES;
				INFOPLIST_KEY_UIApplicationSupportsIndirectInputEvents = YES;
				INFOPLIST_KEY_UILaunchScreen_Generation = YES;
				INFOPLIST_KEY_UISupportedInterfaceOrientations_iPad = "UIInterfaceOrientationPortrait UIInterfaceOrientationPortraitUpsideDown UIInterfaceOrientationLandscapeLeft UIInterfaceOrientationLandscapeRight";
				INFOPLIST_KEY_UISupportedInterfaceOrientations_iPhone = "UIInterfaceOrientationPortrait UIInterfaceOrientationLandscapeLeft UIInterfaceOrientationLandscapeRight";
				IPHONEOS_DEPLOYMENT_TARGET = 17.0;
				LD_RUNPATH_SEARCH_PATHS = (
					"$(inherited)",
					"@executable_path/Frameworks",
				);
				MARKETING_VERSION = 1.2.4;
				PRODUCT_BUNDLE_IDENTIFIER = com.dreille.Planea;
				PRODUCT_NAME = "$(TARGET_NAME)";
				PROVISIONING_PROFILE_SPECIFIER = "";
				SWIFT_EMIT_LOC_STRINGS = YES;
				SWIFT_VERSION = 5.0;
				TARGETED_DEVICE_FAMILY = "1,2";
			};
			name = Debug;
		};
		21463BE52E98922500C17D17 /* Release */ = {
			isa = XCBuildConfiguration;
			buildSettings = {
				ASSETCATALOG_COMPILER_APPICON_NAME = AppIcon;
				ASSETCATALOG_COMPILER_GLOBAL_ACCENT_COLOR_NAME = AccentColor;
				CODE_SIGN_STYLE = Automatic;
				CURRENT_PROJECT_VERSION = 1;
				DEVELOPMENT_TEAM = 85W96D67B9;
				ENABLE_PREVIEWS = YES;
				GENERATE_INFOPLIST_FILE = YES;
				INFOPLIST_FILE = Planea/Info.plist;
				INFOPLIST_KEY_UIApplicationSceneManifest_Generation = YES;
				INFOPLIST_KEY_UIApplicationSupportsIndirectInputEvents = YES;
				INFOPLIST_KEY_UILaunchScreen_Generation = YES;
				INFOPLIST_KEY_UISupportedInterfaceOrientations_iPad = "UIInterfaceOrientationPortrait UIInterfaceOrientationPortraitUpsideDown UIInterfaceOrientationLandscapeLeft UIInterfaceOrientationLandscapeRight";
				INFOPLIST_KEY_UISupportedInterfaceOrientations_iPhone = "UIInterfaceOrientationPortrait UIInterfaceOrientationLandscapeLeft UIInterfaceOrientationLandscapeRight";
				IPHONEOS_DEPLOYMENT_TARGET = 17.0;
				LD_RUNPATH_SEARCH_PATHS = (
					"$(inherited)",
					"@executable_path/Frameworks",
				);
				MARKETING_VERSION = 1.2.4;
				PRODUCT_BUNDLE_IDENTIFIER = com.dreille.Planea;
				PRODUCT_NAME = "$(TARGET_NAME)";
				SWIFT_EMIT_LOC_STRINGS = YES;
				SWIFT_VERSION = 5.0;
				TARGETED_DEVICE_FAMILY = "1,2";
			};
			name = Release;
		};
		21B91CC92EBD72DA001CCA24 /* Debug */ = {
			isa = XCBuildConfiguration;
			buildSettings = {
				ASSETCATALOG_COMPILER_GLOBAL_ACCENT_COLOR_NAME = AccentColor;
				ASSETCATALOG_COMPILER_WIDGET_BACKGROUND_COLOR_NAME = WidgetBackground;
				CODE_SIGN_ENTITLEMENTS = PleneaWidgetExtensionDebug.entitlements;
				CODE_SIGN_IDENTITY = "Apple Development";
				CODE_SIGN_STYLE = Automatic;
				CURRENT_PROJECT_VERSION = 7;
				DEVELOPMENT_TEAM = 85W96D67B9;
				GENERATE_INFOPLIST_FILE = YES;
				INFOPLIST_FILE = PleneaWidget/Info.plist;
				INFOPLIST_KEY_CFBundleDisplayName = Planea;
				INFOPLIST_KEY_NSHumanReadableCopyright = "";
				IPHONEOS_DEPLOYMENT_TARGET = 18.0;
				LD_RUNPATH_SEARCH_PATHS = (
					"$(inherited)",
					"@executable_path/Frameworks",
					"@executable_path/../../Frameworks",
				);
				MARKETING_VERSION = 1.1;
				PRODUCT_BUNDLE_IDENTIFIER = com.dreille.Planea.PleneaWidgetExtension;
				PRODUCT_NAME = "$(TARGET_NAME)";
				SKIP_INSTALL = YES;
				STRING_CATALOG_GENERATE_SYMBOLS = YES;
				SWIFT_APPROACHABLE_CONCURRENCY = YES;
				SWIFT_EMIT_LOC_STRINGS = YES;
				SWIFT_UPCOMING_FEATURE_MEMBER_IMPORT_VISIBILITY = YES;
				SWIFT_VERSION = 5.0;
				TARGETED_DEVICE_FAMILY = "1,2";
			};
			name = Debug;
		};
		21B91CCA2EBD72DA001CCA24 /* Release */ = {
			isa = XCBuildConfiguration;
			buildSettings = {
				ASSETCATALOG_COMPILER_GLOBAL_ACCENT_COLOR_NAME = AccentColor;
				ASSETCATALOG_COMPILER_WIDGET_BACKGROUND_COLOR_NAME = WidgetBackground;
				CODE_SIGN_STYLE = Automatic;
				CURRENT_PROJECT_VERSION = 7;
				DEVELOPMENT_TEAM = 85W96D67B9;
				GENERATE_INFOPLIST_FILE = YES;
				INFOPLIST_FILE = PleneaWidget/Info.plist;
				INFOPLIST_KEY_CFBundleDisplayName = Planea;
				INFOPLIST_KEY_NSHumanReadableCopyright = "";
				IPHONEOS_DEPLOYMENT_TARGET = 18.0;
				LD_RUNPATH_SEARCH_PATHS = (
					"$(inherited)",
					"@executable_path/Frameworks",
					"@executable_path/../../Frameworks",
				);
				MARKETING_VERSION = 1.1;
				PRODUCT_BUNDLE_IDENTIFIER = com.dreille.Planea.PleneaWidgetExtension;
				PRODUCT_NAME = "$(TARGET_NAME)";
				SKIP_INSTALL = YES;
				STRING_CATALOG_GENERATE_SYMBOLS = YES;
				SWIFT_APPROACHABLE_CONCURRENCY = YES;
				SWIFT_EMIT_LOC_STRINGS = YES;
				SWIFT_UPCOMING_FEATURE_MEMBER_IMPORT_VISIBILITY = YES;
				SWIFT_VERSION = 5.0;
				TARGETED_DEVICE_FAMILY = "1,2";
			};
			name = Release;
		};
/* End XCBuildConfiguration section */

/* Begin XCConfigurationList section */
		21463BD32E98922300C17D17 /* Build configuration list for PBXProject "Planea" */ = {
			isa = XCConfigurationList;
			buildConfigurations = (
				21463BE12E98922500C17D17 /* Debug */,
				21463BE22E98922500C17D17 /* Release */,
			);
			defaultConfigurationIsVisible = 0;
			defaultConfigurationName = Release;
		};
		21463BE32E98922500C17D17 /* Build configuration list for PBXNativeTarget "Planea" */ = {
			isa = XCConfigurationList;
			buildConfigurations = (
				21463BE42E98922500C17D17 /* Debug */,
				21463BE52E98922500C17D17 /* Release */,
			);
			defaultConfigurationIsVisible = 0;
			defaultConfigurationName = Release;
		};
		21B91CC82EBD72DA001CCA24 /* Build configuration list for PBXNativeTarget "PleneaWidgetExtension" */ = {
			isa = XCConfigurationList;
			buildConfigurations = (
				21B91CC92EBD72DA001CCA24 /* Debug */,
				21B91CCA2EBD72DA001CCA24 /* Release */,
			);
			defaultConfigurationIsVisible = 0;
			defaultConfigurationName = Release;
		};
/* End XCConfigurationList section */

/* Begin XCRemoteSwiftPackageReference section */
		218A409A2F1EFAFC0025895A /* XCRemoteSwiftPackageReference "firebase-ios-sdk" */ = {
			isa = XCRemoteSwiftPackageReference;
			repositoryURL = "https://github.com/firebase/firebase-ios-sdk";
			requirement = {
				kind = upToNextMajorVersion;
				minimumVersion = 12.8.0;
			};
		};
/* End XCRemoteSwiftPackageReference section */

/* Begin XCSwiftPackageProductDependency section */
		218A409B2F1EFAFC0025895A /* FirebaseAnalytics */ = {
			isa = XCSwiftPackageProductDependency;
			package = 218A409A2F1EFAFC0025895A /* XCRemoteSwiftPackageReference "firebase-ios-sdk" */;
			productName = FirebaseAnalytics;
		};
		218A409D2F1EFAFC0025895A /* FirebaseCrashlytics */ = {
			isa = XCSwiftPackageProductDependency;
			package = 218A409A2F1EFAFC0025895A /* XCRemoteSwiftPackageReference "firebase-ios-sdk" */;
			productName = FirebaseCrashlytics;
		};
		218A409F2F1EFAFC0025895A /* FirebasePerformance */ = {
			isa = XCSwiftPackageProductDependency;
			package = 218A409A2F1EFAFC0025895A /* XCRemoteSwiftPackageReference "firebase-ios-sdk" */;
			productName = FirebasePerformance;
		};
/* End XCSwiftPackageProductDependency section */
	};
	rootObject = 21463BD02E98922300C17D17 /* Project object */;
}
